
Microsoft Visual Studio Solution File, Format Version 12.00
# Visual Studio 15
VisualStudioVersion = 15.0.27428.2043
MinimumVisualStudioVersion = 10.0.40219.1
Project("{FAE04EC0-301F-11D3-BF4B-00C04F79EFBC}") = "SVI.Recibo", "SVI.Recibo\SVI.Recibo.csproj", "{CD1744BD-6C66-4A0F-BE74-D34434AB590B}"
EndProject
Project("{FAE04EC0-301F-11D3-BF4B-00C04F79EFBC}") = "SVI.Recibo.App", "SVI.Recibo.App\SVI.Recibo.App.csproj", "{9150572E-B600-4661-846F-0419BCF62842}"
EndProject
Project("{FAE04EC0-301F-11D3-BF4B-00C04F79EFBC}") = "SVI.Recibo.Pro", "SVI.Recibo.Pro\SVI.Recibo.Pro.csproj", "{F53558D7-0998-4B56-A979-DA16553B9287}"
EndProject
Project("{FAE04EC0-301F-11D3-BF4B-00C04F79EFBC}") = "SVI.Recibo.Controller", "SVI.Recibo.Controller\SVI.Recibo.Controller.csproj", "{172F5A2E-67E8-4FAD-A1F4-D9118222523A}"
EndProject
Project("{FAE04EC0-301F-11D3-BF4B-00C04F79EFBC}") = "SVI.Recibo.Model", "SVI.Recibo.Model\SVI.Recibo.Model.csproj", "{21D25499-7602-4CA3-8AD2-BB73B017AC7B}"
EndProject
Project("{FAE04EC0-301F-11D3-BF4B-00C04F79EFBC}") = "SVI.Recibo.Infra", "SVI.Recibo.Infra\SVI.Recibo.Infra.csproj", "{CAF343C0-D917-41E1-8E31-C56617886C13}"
EndProject
Project("{FAE04EC0-301F-11D3-BF4B-00C04F79EFBC}") = "SVI.Recibo.View", "SVI.Recibo.View\SVI.Recibo.View.csproj", "{1F8E09ED-9671-4363-8219-6BEAE27067E3}"
EndProject
Project("{FAE04EC0-301F-11D3-BF4B-00C04F79EFBC}") = "SVI.SQLite.CodeFirst", "SVI.SQLite.CodeFirst\SVI.SQLite.CodeFirst.csproj", "{97EEC708-C450-4633-BF69-942FFC480FDC}"
EndProject
Project("{FAE04EC0-301F-11D3-BF4B-00C04F79EFBC}") = "SVI.Recibo.Util", "SVI.Recibo.Util\SVI.Recibo.Util.csproj", "{A959C023-C2D1-4265-8787-56AB46BA7BFE}"
EndProject
Global
	GlobalSection(SolutionConfigurationPlatforms) = preSolution
		Debug|Any CPU = Debug|Any CPU
		Debug-40|Any CPU = Debug-40|Any CPU
		Debug-45|Any CPU = Debug-45|Any CPU
		Release|Any CPU = Release|Any CPU
		Release-40|Any CPU = Release-40|Any CPU
		Release-45|Any CPU = Release-45|Any CPU
	EndGlobalSection
	GlobalSection(ProjectConfigurationPlatforms) = postSolution
		{CD1744BD-6C66-4A0F-BE74-D34434AB590B}.Debug|Any CPU.ActiveCfg = Debug|Any CPU
		{CD1744BD-6C66-4A0F-BE74-D34434AB590B}.Debug|Any CPU.Build.0 = Debug|Any CPU
		{CD1744BD-6C66-4A0F-BE74-D34434AB590B}.Debug-40|Any CPU.ActiveCfg = Debug|Any CPU
		{CD1744BD-6C66-4A0F-BE74-D34434AB590B}.Debug-40|Any CPU.Build.0 = Debug|Any CPU
		{CD1744BD-6C66-4A0F-BE74-D34434AB590B}.Debug-45|Any CPU.ActiveCfg = Debug|Any CPU
		{CD1744BD-6C66-4A0F-BE74-D34434AB590B}.Debug-45|Any CPU.Build.0 = Debug|Any CPU
		{CD1744BD-6C66-4A0F-BE74-D34434AB590B}.Release|Any CPU.ActiveCfg = Release|Any CPU
		{CD1744BD-6C66-4A0F-BE74-D34434AB590B}.Release|Any CPU.Build.0 = Release|Any CPU
		{CD1744BD-6C66-4A0F-BE74-D34434AB590B}.Release-40|Any CPU.ActiveCfg = Release|Any CPU
		{CD1744BD-6C66-4A0F-BE74-D34434AB590B}.Release-40|Any CPU.Build.0 = Release|Any CPU
		{CD1744BD-6C66-4A0F-BE74-D34434AB590B}.Release-45|Any CPU.ActiveCfg = Release|Any CPU
		{CD1744BD-6C66-4A0F-BE74-D34434AB590B}.Release-45|Any CPU.Build.0 = Release|Any CPU
		{9150572E-B600-4661-846F-0419BCF62842}.Debug|Any CPU.ActiveCfg = Debug|Any CPU
		{9150572E-B600-4661-846F-0419BCF62842}.Debug|Any CPU.Build.0 = Debug|Any CPU
		{9150572E-B600-4661-846F-0419BCF62842}.Debug-40|Any CPU.ActiveCfg = Debug|Any CPU
		{9150572E-B600-4661-846F-0419BCF62842}.Debug-40|Any CPU.Build.0 = Debug|Any CPU
		{9150572E-B600-4661-846F-0419BCF62842}.Debug-45|Any CPU.ActiveCfg = Debug|Any CPU
		{9150572E-B600-4661-846F-0419BCF62842}.Debug-45|Any CPU.Build.0 = Debug|Any CPU
		{9150572E-B600-4661-846F-0419BCF62842}.Release|Any CPU.ActiveCfg = Release|Any CPU
		{9150572E-B600-4661-846F-0419BCF62842}.Release|Any CPU.Build.0 = Release|Any CPU
		{9150572E-B600-4661-846F-0419BCF62842}.Release-40|Any CPU.ActiveCfg = Release|Any CPU
		{9150572E-B600-4661-846F-0419BCF62842}.Release-40|Any CPU.Build.0 = Release|Any CPU
		{9150572E-B600-4661-846F-0419BCF62842}.Release-45|Any CPU.ActiveCfg = Release|Any CPU
		{9150572E-B600-4661-846F-0419BCF62842}.Release-45|Any CPU.Build.0 = Release|Any CPU
		{F53558D7-0998-4B56-A979-DA16553B9287}.Debug|Any CPU.ActiveCfg = Debug|Any CPU
		{F53558D7-0998-4B56-A979-DA16553B9287}.Debug|Any CPU.Build.0 = Debug|Any CPU
		{F53558D7-0998-4B56-A979-DA16553B9287}.Debug-40|Any CPU.ActiveCfg = Debug|Any CPU
		{F53558D7-0998-4B56-A979-DA16553B9287}.Debug-40|Any CPU.Build.0 = Debug|Any CPU
		{F53558D7-0998-4B56-A979-DA16553B9287}.Debug-45|Any CPU.ActiveCfg = Debug|Any CPU
		{F53558D7-0998-4B56-A979-DA16553B9287}.Debug-45|Any CPU.Build.0 = Debug|Any CPU
		{F53558D7-0998-4B56-A979-DA16553B9287}.Release|Any CPU.ActiveCfg = Release|Any CPU
		{F53558D7-0998-4B56-A979-DA16553B9287}.Release|Any CPU.Build.0 = Release|Any CPU
		{F53558D7-0998-4B56-A979-DA16553B9287}.Release-40|Any CPU.ActiveCfg = Release|Any CPU
		{F53558D7-0998-4B56-A979-DA16553B9287}.Release-40|Any CPU.Build.0 = Release|Any CPU
		{F53558D7-0998-4B56-A979-DA16553B9287}.Release-45|Any CPU.ActiveCfg = Release|Any CPU
		{F53558D7-0998-4B56-A979-DA16553B9287}.Release-45|Any CPU.Build.0 = Release|Any CPU
		{172F5A2E-67E8-4FAD-A1F4-D9118222523A}.Debug|Any CPU.ActiveCfg = Debug|Any CPU
		{172F5A2E-67E8-4FAD-A1F4-D9118222523A}.Debug|Any CPU.Build.0 = Debug|Any CPU
		{172F5A2E-67E8-4FAD-A1F4-D9118222523A}.Debug-40|Any CPU.ActiveCfg = Debug|Any CPU
		{172F5A2E-67E8-4FAD-A1F4-D9118222523A}.Debug-40|Any CPU.Build.0 = Debug|Any CPU
		{172F5A2E-67E8-4FAD-A1F4-D9118222523A}.Debug-45|Any CPU.ActiveCfg = Debug|Any CPU
		{172F5A2E-67E8-4FAD-A1F4-D9118222523A}.Debug-45|Any CPU.Build.0 = Debug|Any CPU
		{172F5A2E-67E8-4FAD-A1F4-D9118222523A}.Release|Any CPU.ActiveCfg = Release|Any CPU
		{172F5A2E-67E8-4FAD-A1F4-D9118222523A}.Release|Any CPU.Build.0 = Release|Any CPU
		{172F5A2E-67E8-4FAD-A1F4-D9118222523A}.Release-40|Any CPU.ActiveCfg = Release|Any CPU
		{172F5A2E-67E8-4FAD-A1F4-D9118222523A}.Release-40|Any CPU.Build.0 = Release|Any CPU
		{172F5A2E-67E8-4FAD-A1F4-D9118222523A}.Release-45|Any CPU.ActiveCfg = Release|Any CPU
		{172F5A2E-67E8-4FAD-A1F4-D9118222523A}.Release-45|Any CPU.Build.0 = Release|Any CPU
		{21D25499-7602-4CA3-8AD2-BB73B017AC7B}.Debug|Any CPU.ActiveCfg = Debug|Any CPU
		{21D25499-7602-4CA3-8AD2-BB73B017AC7B}.Debug|Any CPU.Build.0 = Debug|Any CPU
		{21D25499-7602-4CA3-8AD2-BB73B017AC7B}.Debug-40|Any CPU.ActiveCfg = Debug|Any CPU
		{21D25499-7602-4CA3-8AD2-BB73B017AC7B}.Debug-40|Any CPU.Build.0 = Debug|Any CPU
		{21D25499-7602-4CA3-8AD2-BB73B017AC7B}.Debug-45|Any CPU.ActiveCfg = Debug|Any CPU
		{21D25499-7602-4CA3-8AD2-BB73B017AC7B}.Debug-45|Any CPU.Build.0 = Debug|Any CPU
		{21D25499-7602-4CA3-8AD2-BB73B017AC7B}.Release|Any CPU.ActiveCfg = Release|Any CPU
		{21D25499-7602-4CA3-8AD2-BB73B017AC7B}.Release|Any CPU.Build.0 = Release|Any CPU
		{21D25499-7602-4CA3-8AD2-BB73B017AC7B}.Release-40|Any CPU.ActiveCfg = Release|Any CPU
		{21D25499-7602-4CA3-8AD2-BB73B017AC7B}.Release-40|Any CPU.Build.0 = Release|Any CPU
		{21D25499-7602-4CA3-8AD2-BB73B017AC7B}.Release-45|Any CPU.ActiveCfg = Release|Any CPU
		{21D25499-7602-4CA3-8AD2-BB73B017AC7B}.Release-45|Any CPU.Build.0 = Release|Any CPU
		{CAF343C0-D917-41E1-8E31-C56617886C13}.Debug|Any CPU.ActiveCfg = Debug|Any CPU
		{CAF343C0-D917-41E1-8E31-C56617886C13}.Debug|Any CPU.Build.0 = Debug|Any CPU
		{CAF343C0-D917-41E1-8E31-C56617886C13}.Debug-40|Any CPU.ActiveCfg = Debug|Any CPU
		{CAF343C0-D917-41E1-8E31-C56617886C13}.Debug-40|Any CPU.Build.0 = Debug|Any CPU
		{CAF343C0-D917-41E1-8E31-C56617886C13}.Debug-45|Any CPU.ActiveCfg = Debug|Any CPU
		{CAF343C0-D917-41E1-8E31-C56617886C13}.Debug-45|Any CPU.Build.0 = Debug|Any CPU
		{CAF343C0-D917-41E1-8E31-C56617886C13}.Release|Any CPU.ActiveCfg = Release|Any CPU
		{CAF343C0-D917-41E1-8E31-C56617886C13}.Release|Any CPU.Build.0 = Release|Any CPU
		{CAF343C0-D917-41E1-8E31-C56617886C13}.Release-40|Any CPU.ActiveCfg = Release|Any CPU
		{CAF343C0-D917-41E1-8E31-C56617886C13}.Release-40|Any CPU.Build.0 = Release|Any CPU
		{CAF343C0-D917-41E1-8E31-C56617886C13}.Release-45|Any CPU.ActiveCfg = Release|Any CPU
		{CAF343C0-D917-41E1-8E31-C56617886C13}.Release-45|Any CPU.Build.0 = Release|Any CPU
		{1F8E09ED-9671-4363-8219-6BEAE27067E3}.Debug|Any CPU.ActiveCfg = Debug|Any CPU
		{1F8E09ED-9671-4363-8219-6BEAE27067E3}.Debug|Any CPU.Build.0 = Debug|Any CPU
		{1F8E09ED-9671-4363-8219-6BEAE27067E3}.Debug-40|Any CPU.ActiveCfg = Debug|Any CPU
		{1F8E09ED-9671-4363-8219-6BEAE27067E3}.Debug-40|Any CPU.Build.0 = Debug|Any CPU
		{1F8E09ED-9671-4363-8219-6BEAE27067E3}.Debug-45|Any CPU.ActiveCfg = Debug|Any CPU
		{1F8E09ED-9671-4363-8219-6BEAE27067E3}.Debug-45|Any CPU.Build.0 = Debug|Any CPU
		{1F8E09ED-9671-4363-8219-6BEAE27067E3}.Release|Any CPU.ActiveCfg = Release|Any CPU
		{1F8E09ED-9671-4363-8219-6BEAE27067E3}.Release|Any CPU.Build.0 = Release|Any CPU
		{1F8E09ED-9671-4363-8219-6BEAE27067E3}.Release-40|Any CPU.ActiveCfg = Release|Any CPU
		{1F8E09ED-9671-4363-8219-6BEAE27067E3}.Release-40|Any CPU.Build.0 = Release|Any CPU
		{1F8E09ED-9671-4363-8219-6BEAE27067E3}.Release-45|Any CPU.ActiveCfg = Release|Any CPU
		{1F8E09ED-9671-4363-8219-6BEAE27067E3}.Release-45|Any CPU.Build.0 = Release|Any CPU
		{97EEC708-C450-4633-BF69-942FFC480FDC}.Debug|Any CPU.ActiveCfg = Debug|Any CPU
		{97EEC708-C450-4633-BF69-942FFC480FDC}.Debug|Any CPU.Build.0 = Debug|Any CPU
		{97EEC708-C450-4633-BF69-942FFC480FDC}.Debug-40|Any CPU.ActiveCfg = Debug|Any CPU
		{97EEC708-C450-4633-BF69-942FFC480FDC}.Debug-40|Any CPU.Build.0 = Debug|Any CPU
		{97EEC708-C450-4633-BF69-942FFC480FDC}.Debug-45|Any CPU.ActiveCfg = Debug|Any CPU
		{97EEC708-C450-4633-BF69-942FFC480FDC}.Debug-45|Any CPU.Build.0 = Debug|Any CPU
		{97EEC708-C450-4633-BF69-942FFC480FDC}.Release|Any CPU.ActiveCfg = Release|Any CPU
		{97EEC708-C450-4633-BF69-942FFC480FDC}.Release|Any CPU.Build.0 = Release|Any CPU
		{97EEC708-C450-4633-BF69-942FFC480FDC}.Release-40|Any CPU.ActiveCfg = Release|Any CPU
		{97EEC708-C450-4633-BF69-942FFC480FDC}.Release-40|Any CPU.Build.0 = Release|Any CPU
		{97EEC708-C450-4633-BF69-942FFC480FDC}.Release-45|Any CPU.ActiveCfg = Release|Any CPU
		{97EEC708-C450-4633-BF69-942FFC480FDC}.Release-45|Any CPU.Build.0 = Release|Any CPU
		{A959C023-C2D1-4265-8787-56AB46BA7BFE}.Debug|Any CPU.ActiveCfg = Debug|Any CPU
		{A959C023-C2D1-4265-8787-56AB46BA7BFE}.Debug|Any CPU.Build.0 = Debug|Any CPU
		{A959C023-C2D1-4265-8787-56AB46BA7BFE}.Debug-40|Any CPU.ActiveCfg = Debug|Any CPU
		{A959C023-C2D1-4265-8787-56AB46BA7BFE}.Debug-40|Any CPU.Build.0 = Debug|Any CPU
		{A959C023-C2D1-4265-8787-56AB46BA7BFE}.Debug-45|Any CPU.ActiveCfg = Debug|Any CPU
		{A959C023-C2D1-4265-8787-56AB46BA7BFE}.Debug-45|Any CPU.Build.0 = Debug|Any CPU
		{A959C023-C2D1-4265-8787-56AB46BA7BFE}.Release|Any CPU.ActiveCfg = Release|Any CPU
		{A959C023-C2D1-4265-8787-56AB46BA7BFE}.Release|Any CPU.Build.0 = Release|Any CPU
		{A959C023-C2D1-4265-8787-56AB46BA7BFE}.Release-40|Any CPU.ActiveCfg = Release|Any CPU
		{A959C023-C2D1-4265-8787-56AB46BA7BFE}.Release-40|Any CPU.Build.0 = Release|Any CPU
		{A959C023-C2D1-4265-8787-56AB46BA7BFE}.Release-45|Any CPU.ActiveCfg = Release|Any CPU
		{A959C023-C2D1-4265-8787-56AB46BA7BFE}.Release-45|Any CPU.Build.0 = Release|Any CPU
	EndGlobalSection
	GlobalSection(SolutionProperties) = preSolution
		HideSolutionNode = FALSE
	EndGlobalSection
	GlobalSection(ExtensibilityGlobals) = postSolution
		SolutionGuid = {55AE0712-0FEF-4BD1-8FFE-499A9DE5784E}
	EndGlobalSection
EndGlobal
